
Microsoft Visual Studio Solution File, Format Version 12.00
# Visual Studio Version 17
VisualStudioVersion = 17.0.31903.59
MinimumVisualStudioVersion = 10.0.40219.1
Project("{FAE04EC0-301F-11D3-BF4B-00C04F79EFBC}") = "ReVOSD", "ReVOSD\ReVOSD.csproj", "{9E867090-612E-4BB9-A4E0-AB7743BAE744}"
EndProject
Project("{FAE04EC0-301F-11D3-BF4B-00C04F79EFBC}") = "ReMOSD", "ReMOSD\ReMOSD.csproj", "{5DB4A1F2-F081-4652-A00E-C65791F27ED6}"
EndProject
Global
	GlobalSection(SolutionConfigurationPlatforms) = preSolution
		Debug|Any CPU = Debug|Any CPU
		Release|Any CPU = Release|Any CPU
	EndGlobalSection
	GlobalSection(SolutionProperties) = preSolution
		HideSolutionNode = FALSE
	EndGlobalSection
	GlobalSection(ProjectConfigurationPlatforms) = postSolution
		{9E867090-612E-4BB9-A4E0-AB7743BAE744}.Debug|Any CPU.ActiveCfg = Debug|Any CPU
		{9E867090-612E-4BB9-A4E0-AB7743BAE744}.Debug|Any CPU.Build.0 = Debug|Any CPU
		{9E867090-612E-4BB9-A4E0-AB7743BAE744}.Release|Any CPU.ActiveCfg = Release|Any CPU
		{9E867090-612E-4BB9-A4E0-AB7743BAE744}.Release|Any CPU.Build.0 = Release|Any CPU
		{5DB4A1F2-F081-4652-A00E-C65791F27ED6}.Debug|Any CPU.ActiveCfg = Debug|Any CPU
		{5DB4A1F2-F081-4652-A00E-C65791F27ED6}.Debug|Any CPU.Build.0 = Debug|Any CPU
		{5DB4A1F2-F081-4652-A00E-C65791F27ED6}.Release|Any CPU.ActiveCfg = Release|Any CPU
		{5DB4A1F2-F081-4652-A00E-C65791F27ED6}.Release|Any CPU.Build.0 = Release|Any CPU
	EndGlobalSection
EndGlobal
